dependencies:
- name: kube-state-metrics
  repository: https://kubernetes-charts.storage.googleapis.com/
  version: 2.8.14
- name: prometheus-node-exporter
  repository: https://kubernetes-charts.storage.googleapis.com/
  version: 1.10.0
- name: grafana
  repository: https://kubernetes-charts.storage.googleapis.com/
  version: 5.3.6
- name: prometheus-adapter
  repository: https://kubernetes-charts.storage.googleapis.com/
  version: 2.4.0
- name: rancher-pushprox
  repository: file://../../rancher-pushprox/charts
  version: 0.1.0
- name: rancher-pushprox
  repository: file://../../rancher-pushprox/charts
  version: 0.1.0
- name: rancher-pushprox
  repository: file://../../rancher-pushprox/charts
  version: 0.1.0
- name: rancher-pushprox
  repository: file://../../rancher-pushprox/charts
  version: 0.1.0
- name: rancher-pushprox
  repository: file://../../rancher-pushprox/charts
  version: 0.1.0
- name: rancher-pushprox
  repository: file://../../rancher-pushprox/charts
  version: 0.1.0
- name: rancher-pushprox
  repository: file://../../rancher-pushprox/charts
  version: 0.1.0
- name: rancher-pushprox
  repository: file://../../rancher-pushprox/charts
  version: 0.1.0
- name: rancher-pushprox
  repository: file://../../rancher-pushprox/charts
  version: 0.1.0
- name: rancher-pushprox
  repository: file://../../rancher-pushprox/charts
  version: 0.1.0
- name: rancher-pushprox
  repository: file://../../rancher-pushprox/charts
  version: 0.1.0
digest: sha256:d68f090491c1e3ccde026718762391f7832a65c23b18309cda4cc1d07ba01e84
generated: "2020-08-04T10:40:11.697679-07:00"
